// !$*UTF8*$!
{
	archiveVersion = 1;
	classes = {
	};
	objectVersion = 56;
	objects = {

/* Begin PBXBuildFile section */
		AA000001 /* ClaudeTokenCatApp.swift in Sources */ = {isa = PBXBuildFile; fileRef = AA100001; };
		AA000002 /* AppDelegate.swift in Sources */ = {isa = PBXBuildFile; fileRef = AA100002; };
		AA000003 /* CatSpriteRenderer.swift in Sources */ = {isa = PBXBuildFile; fileRef = AA100003; };
		AA000004 /* TokenUsageManager.swift in Sources */ = {isa = PBXBuildFile; fileRef = AA100004; };
		AA000005 /* PopoverView.swift in Sources */ = {isa = PBXBuildFile; fileRef = AA100005; };
		AA000006 /* Assets.xcassets in Resources */ = {isa = PBXBuildFile; fileRef = AA100006; };
		AA000007 /* ClaudeCodeCredentials.swift in Sources */ = {isa = PBXBuildFile; fileRef = AA100009; };
		AA000008 /* UsageAPIClient.swift in Sources */ = {isa = PBXBuildFile; fileRef = AA10000A; };
/* End PBXBuildFile section */

/* Begin PBXFileReference section */
		AA100001 /* ClaudeTokenCatApp.swift */ = {isa = PBXFileReference; lastKnownFileType = sourcecode.swift; path = ClaudeTokenCatApp.swift; sourceTree = "<group>"; };
		AA100002 /* AppDelegate.swift */ = {isa = PBXFileReference; lastKnownFileType = sourcecode.swift; path = AppDelegate.swift; sourceTree = "<group>"; };
		AA100003 /* CatSpriteRenderer.swift */ = {isa = PBXFileReference; lastKnownFileType = sourcecode.swift; path = CatSpriteRenderer.swift; sourceTree = "<group>"; };
		AA100004 /* TokenUsageManager.swift */ = {isa = PBXFileReference; lastKnownFileType = sourcecode.swift; path = TokenUsageManager.swift; sourceTree = "<group>"; };
		AA100005 /* PopoverView.swift */ = {isa = PBXFileReference; lastKnownFileType = sourcecode.swift; path = PopoverView.swift; sourceTree = "<group>"; };
		AA100006 /* Assets.xcassets */ = {isa = PBXFileReference; lastKnownFileType = folder.assetcatalog; path = Assets.xcassets; sourceTree = "<group>"; };
		AA100007 /* Info.plist */ = {isa = PBXFileReference; lastKnownFileType = text.plist.xml; path = Info.plist; sourceTree = "<group>"; };
		AA100008 /* ClaudeTokenCat.entitlements */ = {isa = PBXFileReference; lastKnownFileType = text.plist.entitlements; path = ClaudeTokenCat.entitlements; sourceTree = "<group>"; };
		AA100009 /* ClaudeCodeCredentials.swift */ = {isa = PBXFileReference; lastKnownFileType = sourcecode.swift; path = ClaudeCodeCredentials.swift; sourceTree = "<group>"; };
		AA10000A /* UsageAPIClient.swift */ = {isa = PBXFileReference; lastKnownFileType = sourcecode.swift; path = UsageAPIClient.swift; sourceTree = "<group>"; };
		AA200000 /* ClaudeTokenCat.app */ = {isa = PBXFileReference; explicitFileType = wrapper.application; includeInIndex = 0; path = ClaudeTokenCat.app; sourceTree = BUILT_PRODUCTS_DIR; };
/* End PBXFileReference section */

/* Begin PBXFrameworksBuildPhase section */
		AA300000 /* Frameworks */ = {
			isa = PBXFrameworksBuildPhase;
			buildActionMask = 2147483647;
			files = (
			);
			runOnlyForDeploymentPostprocessing = 0;
		};
/* End PBXFrameworksBuildPhase section */

/* Begin PBXGroup section */
		AA400000 = {
			isa = PBXGroup;
			children = (
				AA400001 /* ClaudeTokenCat */,
				AA400002 /* Products */,
			);
			sourceTree = "<group>";
		};
		AA400001 /* ClaudeTokenCat */ = {
			isa = PBXGroup;
			children = (
				AA400003 /* Sources */,
				AA100006 /* Assets.xcassets */,
				AA100007 /* Info.plist */,
				AA100008 /* ClaudeTokenCat.entitlements */,
			);
			path = ClaudeTokenCat;
			sourceTree = "<group>";
		};
		AA400002 /* Products */ = {
			isa = PBXGroup;
			children = (
				AA200000 /* ClaudeTokenCat.app */,
			);
			name = Products;
			sourceTree = "<group>";
		};
		AA400003 /* Sources */ = {
			isa = PBXGroup;
			children = (
				AA100001 /* ClaudeTokenCatApp.swift */,
				AA100002 /* AppDelegate.swift */,
				AA100003 /* CatSpriteRenderer.swift */,
				AA100004 /* TokenUsageManager.swift */,
				AA100005 /* PopoverView.swift */,
				AA100009 /* ClaudeCodeCredentials.swift */,
				AA10000A /* UsageAPIClient.swift */,
			);
			path = Sources;
			sourceTree = "<group>";
		};
/* End PBXGroup section */

/* Begin PBXNativeTarget section */
		AA500000 /* ClaudeTokenCat */ = {
			isa = PBXNativeTarget;
			buildConfigurationList = AA700000;
			buildPhases = (
				AA600000 /* Sources */,
				AA300000 /* Frameworks */,
				AA800000 /* Resources */,
			);
			buildRules = (
			);
			dependencies = (
			);
			name = ClaudeTokenCat;
			productName = ClaudeTokenCat;
			productReference = AA200000;
			productType = "com.apple.product-type.application";
		};
/* End PBXNativeTarget section */

/* Begin PBXProject section */
		AA900000 /* Project object */ = {
			isa = PBXProject;
			attributes = {
				BuildIndependentTargetsInParallel = 1;
				LastSwiftUpdateCheck = 1500;
				LastUpgradeCheck = 1500;
				TargetAttributes = {
					AA500000 = {
						CreatedOnToolsVersion = 15.0;
					};
				};
			};
			buildConfigurationList = AAA00000;
			compatibilityVersion = "Xcode 14.0";
			developmentRegion = en;
			hasScannedForEncodings = 0;
			knownRegions = (
				en,
				Base,
			);
			mainGroup = AA400000;
			productRefGroup = AA400002;
			projectDirPath = "";
			projectRoot = "";
			targets = (
				AA500000,
			);
		};
/* End PBXProject section */

/* Begin PBXResourcesBuildPhase section */
		AA800000 /* Resources */ = {
			isa = PBXResourcesBuildPhase;
			buildActionMask = 2147483647;
			files = (
				AA000006 /* Assets.xcassets in Resources */,
			);
			runOnlyForDeploymentPostprocessing = 0;
		};
/* End PBXResourcesBuildPhase section */

/* Begin PBXSourcesBuildPhase section */
		AA600000 /* Sources */ = {
			isa = PBXSourcesBuildPhase;
			buildActionMask = 2147483647;
			files = (
				AA000001 /* ClaudeTokenCatApp.swift in Sources */,
				AA000002 /* AppDelegate.swift in Sources */,
				AA000003 /* CatSpriteRenderer.swift in Sources */,
				AA000004 /* TokenUsageManager.swift in Sources */,
				AA000005 /* PopoverView.swift in Sources */,
				AA000007 /* ClaudeCodeCredentials.swift in Sources */,
				AA000008 /* UsageAPIClient.swift in Sources */,
			);
			runOnlyForDeploymentPostprocessing = 0;
		};
/* End PBXSourcesBuildPhase section */

/* Begin XCBuildConfiguration section */
		AAB00001 /* Debug */ = {
			isa = XCBuildConfiguration;
			buildSettings = {
				ALWAYS_SEARCH_USER_PATHS = NO;
				ASSETCATALOG_COMPILER_GENERATE_SWIFT_ASSET_SYMBOL_EXTENSIONS = YES;
				CLANG_ANALYZER_NONNULL = YES;
				CLANG_CXX_LANGUAGE_STANDARD = "gnu++20";
				CLANG_ENABLE_MODULES = YES;
				CLANG_ENABLE_OBJC_ARC = YES;
				COPY_PHASE_STRIP = NO;
				DEBUG_INFORMATION_FORMAT = dwarf;
				ENABLE_STRICT_OBJC_MSGSEND = YES;
				ENABLE_TESTABILITY = YES;
				GCC_DYNAMIC_NO_PIC = NO;
				GCC_OPTIMIZATION_LEVEL = 0;
				GCC_PREPROCESSOR_DEFINITIONS = (
					"DEBUG=1",
					"$(inherited)",
				);
				GCC_WARN_ABOUT_RETURN_TYPE = YES_ERROR;
				GCC_WARN_UNINITIALIZED_AUTOS = YES_AGGRESSIVE;
				MACOSX_DEPLOYMENT_TARGET = 13.0;
				MTL_ENABLE_DEBUG_INFO = INCLUDE_SOURCE;
				ONLY_ACTIVE_ARCH = YES;
				SDKROOT = macosx;
				SWIFT_ACTIVE_COMPILATION_CONDITIONS = "DEBUG $(inherited)";
				SWIFT_OPTIMIZATION_LEVEL = "-Onone";
			};
			name = Debug;
		};
		AAB00002 /* Release */ = {
			isa = XCBuildConfiguration;
			buildSettings = {
				ALWAYS_SEARCH_USER_PATHS = NO;
				ASSETCATALOG_COMPILER_GENERATE_SWIFT_ASSET_SYMBOL_EXTENSIONS = YES;
				CLANG_ANALYZER_NONNULL = YES;
				CLANG_CXX_LANGUAGE_STANDARD = "gnu++20";
				CLANG_ENABLE_MODULES = YES;
				CLANG_ENABLE_OBJC_ARC = YES;
				COPY_PHASE_STRIP = NO;
				DEBUG_INFORMATION_FORMAT = "dwarf-with-dsym";
				ENABLE_NS_ASSERTIONS = NO;
				ENABLE_STRICT_OBJC_MSGSEND = YES;
				GCC_WARN_ABOUT_RETURN_TYPE = YES_ERROR;
				GCC_WARN_UNINITIALIZED_AUTOS = YES_AGGRESSIVE;
				MACOSX_DEPLOYMENT_TARGET = 13.0;
				SDKROOT = macosx;
				SWIFT_COMPILATION_MODE = wholemodule;
			};
			name = Release;
		};
		AAB00003 /* Debug */ = {
			isa = XCBuildConfiguration;
			buildSettings = {
				ASSETCATALOG_COMPILER_APPICON_NAME = AppIcon;
				CODE_SIGN_ENTITLEMENTS = ClaudeTokenCat/ClaudeTokenCat.entitlements;
				CODE_SIGN_STYLE = Automatic;
				COMBINE_HIDPI_IMAGES = YES;
				CURRENT_PROJECT_VERSION = 1;
				GENERATE_INFOPLIST_FILE = NO;
				INFOPLIST_FILE = ClaudeTokenCat/Info.plist;
				LD_RUNPATH_SEARCH_PATHS = (
					"$(inherited)",
					"@executable_path/../Frameworks",
				);
				MARKETING_VERSION = 1.0;
				PRODUCT_BUNDLE_IDENTIFIER = com.claudetokencat.app;
				PRODUCT_NAME = "$(TARGET_NAME)";
				SWIFT_EMIT_LOC_STRINGS = YES;
				SWIFT_VERSION = 5.9;
			};
			name = Debug;
		};
		AAB00004 /* Release */ = {
			isa = XCBuildConfiguration;
			buildSettings = {
				ASSETCATALOG_COMPILER_APPICON_NAME = AppIcon;
				CODE_SIGN_ENTITLEMENTS = ClaudeTokenCat/ClaudeTokenCat.entitlements;
				CODE_SIGN_STYLE = Automatic;
				COMBINE_HIDPI_IMAGES = YES;
				CURRENT_PROJECT_VERSION = 1;
				GENERATE_INFOPLIST_FILE = NO;
				INFOPLIST_FILE = ClaudeTokenCat/Info.plist;
				LD_RUNPATH_SEARCH_PATHS = (
					"$(inherited)",
					"@executable_path/../Frameworks",
				);
				MARKETING_VERSION = 1.0;
				PRODUCT_BUNDLE_IDENTIFIER = com.claudetokencat.app;
				PRODUCT_NAME = "$(TARGET_NAME)";
				SWIFT_EMIT_LOC_STRINGS = YES;
				SWIFT_VERSION = 5.9;
			};
			name = Release;
		};
/* End XCBuildConfiguration section */

/* Begin XCConfigurationList section */
		AAA00000 /* Build configuration list for PBXProject "ClaudeTokenCat" */ = {
			isa = XCConfigurationList;
			buildConfigurations = (
				AAB00001 /* Debug */,
				AAB00002 /* Release */,
			);
			defaultConfigurationIsVisible = 0;
			defaultConfigurationName = Release;
		};
		AA700000 /* Build configuration list for PBXNativeTarget "ClaudeTokenCat" */ = {
			isa = XCConfigurationList;
			buildConfigurations = (
				AAB00003 /* Debug */,
				AAB00004 /* Release */,
			);
			defaultConfigurationIsVisible = 0;
			defaultConfigurationName = Release;
		};
/* End XCConfigurationList section */

	};
	rootObject = AA900000;
}
